{
  "name": "@javed-ak/resume-app",
  "version": "1.0.3",
  "lockfileVersion": 3,
  "requires": true,
  "packages": {
    "": {
      "name": "@javed-ak/resume-app",
      "version": "1.0.3",
      "license": "ISC",
      "dependencies": {
        "@javed-ak/resume-app": "^1.0.3",
        "zod": "^3.25.48"
      }
    },
    "node_modules/@javed-ak/resume-app": {
      "version": "1.0.3",
      "resolved": "https://registry.npmjs.org/@javed-ak/resume-app/-/resume-app-1.0.3.tgz",
      "integrity": "sha512-X022mo2PtHuYaIMo3k7CFMLocM9g0T8fAwC8ttz0udr3qIknh6EMiXa4PHOFBP315gxvHS9JZDzgL1IwbiC2+Q==",
      "license": "ISC",
      "dependencies": {
        "zod": "^3.25.48"
      }
    },
    "node_modules/zod": {
      "version": "3.25.48",
      "resolved": "https://registry.npmjs.org/zod/-/zod-3.25.48.tgz",
      "integrity": "sha512-0X1mz8FtgEIvaxGjdIImYpZEaZMrund9pGXm3M6vM7Reba0e2eI71KPjSCGXBfwKDPwPoywf6waUKc3/tFvX2Q==",
      "license": "MIT",
      "funding": {
        "url": "https://github.com/sponsors/colinhacks"
      }
    }
  }
}
